{
    "name": "@equinor/echo-setup",
    "version": "0.1.3",
    "lockfileVersion": 2,
    "requires": true,
    "packages": {
        "": {
            "name": "@equinor/echo-setup",
            "version": "0.1.2",
            "license": "MIT",
            "devDependencies": {
                "@equinor/echo-base": "0.0.2",
                "@equinor/echo-components": "0.0.11",
                "@equinor/echo-core": "^0.1.25",
                "@equinor/echo-framework": "0.0.20",
                "@equinor/echo-utils": "0.0.6",
                "react": "^17.0.2",
                "react-dom": "^17.0.2",
                "typescript": "^4.2.4"
            },
            "peerDependencies": {
                "@equinor/echo-base": "*",
                "@equinor/echo-components": "*",
                "@equinor/echo-framework": "*",
                "@equinor/echo-utils": "*",
                "react": "^17.0.2",
                "react-dom": "^17.0.2"
            }
        },
        "node_modules/@azure/msal-browser": {
            "version": "2.13.1",
            "resolved": "https://registry.npmjs.org/@azure/msal-browser/-/msal-browser-2.13.1.tgz",
            "integrity": "sha512-kJD8WYzwc9xQtdDbps1j7egEOeqSDBB6GGeTLbMAy9uvhR0u6TgqXDJm/wQO2bXH/mHnARoZrcCmSmnwfWqGZg==",
            "dev": true,
            "dependencies": {
                "@azure/msal-common": "^4.1.1"
            },
            "engines": {
                "node": ">=0.8.0"
            }
        },
        "node_modules/@azure/msal-common": {
            "version": "4.1.1",
            "resolved": "https://registry.npmjs.org/@azure/msal-common/-/msal-common-4.1.1.tgz",
            "integrity": "sha512-CC/rlUl437mLEJVObKbiFSaG/JzSYWSo4lmePRXzZ7fQdLg91otWIGXlrIlrGuk5Htea6J6Wh43a5qXQuPv6GA==",
            "dev": true,
            "dependencies": {
                "debug": "^4.1.1"
            },
            "engines": {
                "node": ">=0.8.0"
            }
        },
        "node_modules/@dbeining/react-atom": {
            "version": "4.1.15",
            "resolved": "https://registry.npmjs.org/@dbeining/react-atom/-/react-atom-4.1.15.tgz",
            "integrity": "sha512-QQX4M3LUTrNhP0bS0JIUadh9hrlbIHKD12afG6UvNbGaguL2PSDOH7TlQS+S2lTCSRS/rSywhPrfrKVI0FxHmg==",
            "dev": true,
            "dependencies": {
                "@libre/atom": "^1.3.2"
            }
        },
        "node_modules/@equinor/echo-base": {
            "version": "0.0.2",
            "resolved": "https://registry.npmjs.org/@equinor/echo-base/-/echo-base-0.0.2.tgz",
            "integrity": "sha512-7g0nYu0pqg1TN0SBgg7IzF94nXIoQbUuRt1A6V4/u7NgcXXI9g0B/7vI4Y0btmfdUJE7QaPReA2S9wwheb7/Lg==",
            "dev": true,
            "dependencies": {
                "tslib": "^2.1.0"
            }
        },
        "node_modules/@equinor/echo-components": {
            "version": "0.0.11",
            "resolved": "https://registry.npmjs.org/@equinor/echo-components/-/echo-components-0.0.11.tgz",
            "integrity": "sha512-oi/a9YEMfWOA3m+7YMyCnbNQljuL5RhXiUS4erTVpQpAyh6xGZuHkJg8gBdKDqvrsZxdA0Qbj8kYHNUdmJz9Jg==",
            "dev": true
        },
        "node_modules/@equinor/echo-core": {
            "version": "0.1.25",
            "resolved": "https://registry.npmjs.org/@equinor/echo-core/-/echo-core-0.1.25.tgz",
            "integrity": "sha512-ujnsP7W63yTkwGmV0CQinEF2Z2edVQ4u0PEYfRKy3cg9D0BbfNC1RksuwUujS5zhN/Im3SlsSkM6NYLPBUEYrA==",
            "dev": true,
            "dependencies": {
                "@azure/msal-browser": "^2.8.0",
                "@dbeining/react-atom": "^4.1.12"
            }
        },
        "node_modules/@equinor/echo-framework": {
            "version": "0.0.20",
            "resolved": "https://registry.npmjs.org/@equinor/echo-framework/-/echo-framework-0.0.20.tgz",
            "integrity": "sha512-LhdTHTZBtDfr5o7oXCkW0ZABabXYTnCM/83nOr2g+pRgYh31GVXbCe6hr2IIz6qxCqLcNB5BjV4bgNJu+idqxQ==",
            "dev": true
        },
        "node_modules/@equinor/echo-utils": {
            "version": "0.0.6",
            "resolved": "https://registry.npmjs.org/@equinor/echo-utils/-/echo-utils-0.0.6.tgz",
            "integrity": "sha512-UymeqeLfct0MR369asbRk7e4i4yLNVUd6zuJzrA36Ly9YZhhg/WFLodfP3BnT77Uo87dsWm1qKy8dj8kIzzruQ==",
            "dev": true,
            "dependencies": {
                "react-cool-onclickoutside": "^1.6.1"
            }
        },
        "node_modules/@libre/atom": {
            "version": "1.3.3",
            "resolved": "https://registry.npmjs.org/@libre/atom/-/atom-1.3.3.tgz",
            "integrity": "sha512-u6VDBBeSYuxBIdyGV1FybaeYndP/E8npGKzbYJgxUKQ0L9MsBMWuEP0O/45KcdNhnEaxm+GozSvkGgMJtoWBqg==",
            "dev": true
        },
        "node_modules/debug": {
            "version": "4.3.1",
            "resolved": "https://registry.npmjs.org/debug/-/debug-4.3.1.tgz",
            "integrity": "sha512-doEwdvm4PCeK4K3RQN2ZC2BYUBaxwLARCqZmMjtF8a51J2Rb0xpVloFRnCODwqjpwnAoao4pelN8l3RJdv3gRQ==",
            "dev": true,
            "dependencies": {
                "ms": "2.1.2"
            },
            "engines": {
                "node": ">=6.0"
            }
        },
        "node_modules/js-tokens": {
            "version": "4.0.0",
            "resolved": "https://registry.npmjs.org/js-tokens/-/js-tokens-4.0.0.tgz",
            "integrity": "sha512-RdJUflcE3cUzKiMqQgsCu06FPu9UdIJO0beYbPhHN4k6apgJtifcoCtT9bcxOpYBtpD2kCM6Sbzg4CausW/PKQ==",
            "dev": true
        },
        "node_modules/loose-envify": {
            "version": "1.4.0",
            "resolved": "https://registry.npmjs.org/loose-envify/-/loose-envify-1.4.0.tgz",
            "integrity": "sha512-lyuxPGr/Wfhrlem2CL/UcnUc1zcqKAImBDzukY7Y5F/yQiNdko6+fRLevlw1HgMySw7f611UIY408EtxRSoK3Q==",
            "dev": true,
            "dependencies": {
                "js-tokens": "^3.0.0 || ^4.0.0"
            },
            "bin": {
                "loose-envify": "cli.js"
            }
        },
        "node_modules/ms": {
            "version": "2.1.2",
            "resolved": "https://registry.npmjs.org/ms/-/ms-2.1.2.tgz",
            "integrity": "sha512-sGkPx+VjMtmA6MX27oA4FBFELFCZZ4S4XqeGOXCv68tT+jb3vk/RyaKWP0PTKyWtmLSM0b+adUTEvbs1PEaH2w==",
            "dev": true
        },
        "node_modules/object-assign": {
            "version": "4.1.1",
            "resolved": "https://registry.npmjs.org/object-assign/-/object-assign-4.1.1.tgz",
            "integrity": "sha1-IQmtx5ZYh8/AXLvUQsrIv7s2CGM=",
            "dev": true,
            "engines": {
                "node": ">=0.10.0"
            }
        },
        "node_modules/react": {
            "version": "17.0.2",
            "resolved": "https://registry.npmjs.org/react/-/react-17.0.2.tgz",
            "integrity": "sha512-gnhPt75i/dq/z3/6q/0asP78D0u592D5L1pd7M8P+dck6Fu/jJeL6iVVK23fptSUZj8Vjf++7wXA8UNclGQcbA==",
            "dev": true,
            "dependencies": {
                "loose-envify": "^1.1.0",
                "object-assign": "^4.1.1"
            },
            "engines": {
                "node": ">=0.10.0"
            }
        },
        "node_modules/react-cool-onclickoutside": {
            "version": "1.6.1",
            "resolved": "https://registry.npmjs.org/react-cool-onclickoutside/-/react-cool-onclickoutside-1.6.1.tgz",
            "integrity": "sha512-8vt8+aAO+MWUjWUM0oBPAllVWDR62nasjnOl6PQ3si4h4hjAxXvfOpctwunSqgCCxjwHJe0ooDmwt16ejtW+EQ==",
            "dev": true
        },
        "node_modules/react-dom": {
            "version": "17.0.2",
            "resolved": "https://registry.npmjs.org/react-dom/-/react-dom-17.0.2.tgz",
            "integrity": "sha512-s4h96KtLDUQlsENhMn1ar8t2bEa+q/YAtj8pPPdIjPDGBDIVNsrD9aXNWqspUe6AzKCIG0C1HZZLqLV7qpOBGA==",
            "dev": true,
            "dependencies": {
                "loose-envify": "^1.1.0",
                "object-assign": "^4.1.1",
                "scheduler": "^0.20.2"
            }
        },
        "node_modules/scheduler": {
            "version": "0.20.2",
            "resolved": "https://registry.npmjs.org/scheduler/-/scheduler-0.20.2.tgz",
            "integrity": "sha512-2eWfGgAqqWFGqtdMmcL5zCMK1U8KlXv8SQFGglL3CEtd0aDVDWgeF/YoCmvln55m5zSk3J/20hTaSBeSObsQDQ==",
            "dev": true,
            "dependencies": {
                "loose-envify": "^1.1.0",
                "object-assign": "^4.1.1"
            }
        },
        "node_modules/tslib": {
            "version": "2.2.0",
            "resolved": "https://registry.npmjs.org/tslib/-/tslib-2.2.0.tgz",
            "integrity": "sha512-gS9GVHRU+RGn5KQM2rllAlR3dU6m7AcpJKdtH8gFvQiC4Otgk98XnmMU+nZenHt/+VhnBPWwgrJsyrdcw6i23w==",
            "dev": true
        },
        "node_modules/typescript": {
            "version": "4.2.4",
            "resolved": "https://registry.npmjs.org/typescript/-/typescript-4.2.4.tgz",
            "integrity": "sha512-V+evlYHZnQkaz8TRBuxTA92yZBPotr5H+WhQ7bD3hZUndx5tGOa1fuCgeSjxAzM1RiN5IzvadIXTVefuuwZCRg==",
            "dev": true,
            "bin": {
                "tsc": "bin/tsc",
                "tsserver": "bin/tsserver"
            },
            "engines": {
                "node": ">=4.2.0"
            }
        }
    },
    "dependencies": {
        "@azure/msal-browser": {
            "version": "2.13.1",
            "resolved": "https://registry.npmjs.org/@azure/msal-browser/-/msal-browser-2.13.1.tgz",
            "integrity": "sha512-kJD8WYzwc9xQtdDbps1j7egEOeqSDBB6GGeTLbMAy9uvhR0u6TgqXDJm/wQO2bXH/mHnARoZrcCmSmnwfWqGZg==",
            "dev": true,
            "requires": {
                "@azure/msal-common": "^4.1.1"
            }
        },
        "@azure/msal-common": {
            "version": "4.1.1",
            "resolved": "https://registry.npmjs.org/@azure/msal-common/-/msal-common-4.1.1.tgz",
            "integrity": "sha512-CC/rlUl437mLEJVObKbiFSaG/JzSYWSo4lmePRXzZ7fQdLg91otWIGXlrIlrGuk5Htea6J6Wh43a5qXQuPv6GA==",
            "dev": true,
            "requires": {
                "debug": "^4.1.1"
            }
        },
        "@dbeining/react-atom": {
            "version": "4.1.15",
            "resolved": "https://registry.npmjs.org/@dbeining/react-atom/-/react-atom-4.1.15.tgz",
            "integrity": "sha512-QQX4M3LUTrNhP0bS0JIUadh9hrlbIHKD12afG6UvNbGaguL2PSDOH7TlQS+S2lTCSRS/rSywhPrfrKVI0FxHmg==",
            "dev": true,
            "requires": {
                "@libre/atom": "^1.3.2"
            }
        },
        "@equinor/echo-base": {
            "version": "0.0.2",
            "resolved": "https://registry.npmjs.org/@equinor/echo-base/-/echo-base-0.0.2.tgz",
            "integrity": "sha512-7g0nYu0pqg1TN0SBgg7IzF94nXIoQbUuRt1A6V4/u7NgcXXI9g0B/7vI4Y0btmfdUJE7QaPReA2S9wwheb7/Lg==",
            "dev": true,
            "requires": {
                "tslib": "^2.1.0"
            }
        },
        "@equinor/echo-components": {
            "version": "0.0.11",
            "resolved": "https://registry.npmjs.org/@equinor/echo-components/-/echo-components-0.0.11.tgz",
            "integrity": "sha512-oi/a9YEMfWOA3m+7YMyCnbNQljuL5RhXiUS4erTVpQpAyh6xGZuHkJg8gBdKDqvrsZxdA0Qbj8kYHNUdmJz9Jg==",
            "dev": true
        },
        "@equinor/echo-core": {
            "version": "0.1.25",
            "resolved": "https://registry.npmjs.org/@equinor/echo-core/-/echo-core-0.1.25.tgz",
            "integrity": "sha512-ujnsP7W63yTkwGmV0CQinEF2Z2edVQ4u0PEYfRKy3cg9D0BbfNC1RksuwUujS5zhN/Im3SlsSkM6NYLPBUEYrA==",
            "dev": true,
            "requires": {
                "@azure/msal-browser": "^2.8.0",
                "@dbeining/react-atom": "^4.1.12"
            }
        },
        "@equinor/echo-framework": {
            "version": "0.0.20",
            "resolved": "https://registry.npmjs.org/@equinor/echo-framework/-/echo-framework-0.0.20.tgz",
            "integrity": "sha512-LhdTHTZBtDfr5o7oXCkW0ZABabXYTnCM/83nOr2g+pRgYh31GVXbCe6hr2IIz6qxCqLcNB5BjV4bgNJu+idqxQ==",
            "dev": true
        },
        "@equinor/echo-utils": {
            "version": "0.0.6",
            "resolved": "https://registry.npmjs.org/@equinor/echo-utils/-/echo-utils-0.0.6.tgz",
            "integrity": "sha512-UymeqeLfct0MR369asbRk7e4i4yLNVUd6zuJzrA36Ly9YZhhg/WFLodfP3BnT77Uo87dsWm1qKy8dj8kIzzruQ==",
            "dev": true,
            "requires": {
                "react-cool-onclickoutside": "^1.6.1"
            }
        },
        "@libre/atom": {
            "version": "1.3.3",
            "resolved": "https://registry.npmjs.org/@libre/atom/-/atom-1.3.3.tgz",
            "integrity": "sha512-u6VDBBeSYuxBIdyGV1FybaeYndP/E8npGKzbYJgxUKQ0L9MsBMWuEP0O/45KcdNhnEaxm+GozSvkGgMJtoWBqg==",
            "dev": true
        },
        "debug": {
            "version": "4.3.1",
            "resolved": "https://registry.npmjs.org/debug/-/debug-4.3.1.tgz",
            "integrity": "sha512-doEwdvm4PCeK4K3RQN2ZC2BYUBaxwLARCqZmMjtF8a51J2Rb0xpVloFRnCODwqjpwnAoao4pelN8l3RJdv3gRQ==",
            "dev": true,
            "requires": {
                "ms": "2.1.2"
            }
        },
        "js-tokens": {
            "version": "4.0.0",
            "resolved": "https://registry.npmjs.org/js-tokens/-/js-tokens-4.0.0.tgz",
            "integrity": "sha512-RdJUflcE3cUzKiMqQgsCu06FPu9UdIJO0beYbPhHN4k6apgJtifcoCtT9bcxOpYBtpD2kCM6Sbzg4CausW/PKQ==",
            "dev": true
        },
        "loose-envify": {
            "version": "1.4.0",
            "resolved": "https://registry.npmjs.org/loose-envify/-/loose-envify-1.4.0.tgz",
            "integrity": "sha512-lyuxPGr/Wfhrlem2CL/UcnUc1zcqKAImBDzukY7Y5F/yQiNdko6+fRLevlw1HgMySw7f611UIY408EtxRSoK3Q==",
            "dev": true,
            "requires": {
                "js-tokens": "^3.0.0 || ^4.0.0"
            }
        },
        "ms": {
            "version": "2.1.2",
            "resolved": "https://registry.npmjs.org/ms/-/ms-2.1.2.tgz",
            "integrity": "sha512-sGkPx+VjMtmA6MX27oA4FBFELFCZZ4S4XqeGOXCv68tT+jb3vk/RyaKWP0PTKyWtmLSM0b+adUTEvbs1PEaH2w==",
            "dev": true
        },
        "object-assign": {
            "version": "4.1.1",
            "resolved": "https://registry.npmjs.org/object-assign/-/object-assign-4.1.1.tgz",
            "integrity": "sha1-IQmtx5ZYh8/AXLvUQsrIv7s2CGM=",
            "dev": true
        },
        "react": {
            "version": "17.0.2",
            "resolved": "https://registry.npmjs.org/react/-/react-17.0.2.tgz",
            "integrity": "sha512-gnhPt75i/dq/z3/6q/0asP78D0u592D5L1pd7M8P+dck6Fu/jJeL6iVVK23fptSUZj8Vjf++7wXA8UNclGQcbA==",
            "dev": true,
            "requires": {
                "loose-envify": "^1.1.0",
                "object-assign": "^4.1.1"
            }
        },
        "react-cool-onclickoutside": {
            "version": "1.6.1",
            "resolved": "https://registry.npmjs.org/react-cool-onclickoutside/-/react-cool-onclickoutside-1.6.1.tgz",
            "integrity": "sha512-8vt8+aAO+MWUjWUM0oBPAllVWDR62nasjnOl6PQ3si4h4hjAxXvfOpctwunSqgCCxjwHJe0ooDmwt16ejtW+EQ==",
            "dev": true
        },
        "react-dom": {
            "version": "17.0.2",
            "resolved": "https://registry.npmjs.org/react-dom/-/react-dom-17.0.2.tgz",
            "integrity": "sha512-s4h96KtLDUQlsENhMn1ar8t2bEa+q/YAtj8pPPdIjPDGBDIVNsrD9aXNWqspUe6AzKCIG0C1HZZLqLV7qpOBGA==",
            "dev": true,
            "requires": {
                "loose-envify": "^1.1.0",
                "object-assign": "^4.1.1",
                "scheduler": "^0.20.2"
            }
        },
        "scheduler": {
            "version": "0.20.2",
            "resolved": "https://registry.npmjs.org/scheduler/-/scheduler-0.20.2.tgz",
            "integrity": "sha512-2eWfGgAqqWFGqtdMmcL5zCMK1U8KlXv8SQFGglL3CEtd0aDVDWgeF/YoCmvln55m5zSk3J/20hTaSBeSObsQDQ==",
            "dev": true,
            "requires": {
                "loose-envify": "^1.1.0",
                "object-assign": "^4.1.1"
            }
        },
        "tslib": {
            "version": "2.2.0",
            "resolved": "https://registry.npmjs.org/tslib/-/tslib-2.2.0.tgz",
            "integrity": "sha512-gS9GVHRU+RGn5KQM2rllAlR3dU6m7AcpJKdtH8gFvQiC4Otgk98XnmMU+nZenHt/+VhnBPWwgrJsyrdcw6i23w==",
            "dev": true
        },
        "typescript": {
            "version": "4.2.4",
            "resolved": "https://registry.npmjs.org/typescript/-/typescript-4.2.4.tgz",
            "integrity": "sha512-V+evlYHZnQkaz8TRBuxTA92yZBPotr5H+WhQ7bD3hZUndx5tGOa1fuCgeSjxAzM1RiN5IzvadIXTVefuuwZCRg==",
            "dev": true
        }
    }
}
